
Microsoft Visual Studio Solution File, Format Version 12.00
# Visual Studio 15
VisualStudioVersion = 15.0.28010.2041
MinimumVisualStudioVersion = 10.0.40219.1
Project("{FAE04EC0-301F-11D3-BF4B-00C04F79EFBC}") = "proga2", "proga2\proga2.csproj", "{01AB3104-A83A-4FE4-BA9E-539028D2BD68}"
EndProject
Global
	GlobalSection(SolutionConfigurationPlatforms) = preSolution
		Debug|Any CPU = Debug|Any CPU
		Release|Any CPU = Release|Any CPU
	EndGlobalSection
	GlobalSection(ProjectConfigurationPlatforms) = postSolution
		{01AB3104-A83A-4FE4-BA9E-539028D2BD68}.Debug|Any CPU.ActiveCfg = Debug|Any CPU
		{01AB3104-A83A-4FE4-BA9E-539028D2BD68}.Debug|Any CPU.Build.0 = Debug|Any CPU
		{01AB3104-A83A-4FE4-BA9E-539028D2BD68}.Release|Any CPU.ActiveCfg = Release|Any CPU
		{01AB3104-A83A-4FE4-BA9E-539028D2BD68}.Release|Any CPU.Build.0 = Release|Any CPU
	EndGlobalSection
	GlobalSection(SolutionProperties) = preSolution
		HideSolutionNode = FALSE
	EndGlobalSection
	GlobalSection(ExtensibilityGlobals) = postSolution
		SolutionGuid = {B7F028DB-EAF1-4AB7-B2B2-D6CCE69CF296}
	EndGlobalSection
EndGlobal
